
Microsoft Visual Studio Solution File, Format Version 12.00
Project("{2150E333-8FDC-42A3-9474-1A3956D46DE8}") = "src", "src", "{88645AEE-58C3-44B5-BFE4-AB4471898AFA}"
EndProject
Project("{2150E333-8FDC-42A3-9474-1A3956D46DE8}") = "tests", "tests", "{80737CAC-FA41-4875-84A5-AF8321D3A622}"
EndProject
Project("{FAE04EC0-301F-11D3-BF4B-00C04F79EFBC}") = "Cosmos.Business.Extensions.Holiday", "src\Cosmos.Business.Extensions.Holiday\Cosmos.Business.Extensions.Holiday.csproj", "{42D4F72A-932D-4508-B9D0-A7CFB08EC38B}"
EndProject
Project("{FAE04EC0-301F-11D3-BF4B-00C04F79EFBC}") = "Cosmos.Business.Extensions.Holiday.CN", "src\Cosmos.Business.Extensions.Holiday.CN\Cosmos.Business.Extensions.Holiday.CN.csproj", "{C917F6E2-AB87-43F8-9EDC-B70735DF7FE4}"
EndProject
Project("{FAE04EC0-301F-11D3-BF4B-00C04F79EFBC}") = "Cosmos.Business.Extensions.Holiday.US", "src\Cosmos.Business.Extensions.Holiday.US\Cosmos.Business.Extensions.Holiday.US.csproj", "{489A0075-D267-4750-82E5-46C7A2B640EE}"
EndProject
Project("{FAE04EC0-301F-11D3-BF4B-00C04F79EFBC}") = "Cosmos.Business.Extensions.Holiday.JP", "src\Cosmos.Business.Extensions.Holiday.JP\Cosmos.Business.Extensions.Holiday.JP.csproj", "{A42305D2-E435-4697-A962-CA8373EC761C}"
EndProject
Project("{2150E333-8FDC-42A3-9474-1A3956D46DE8}") = "Other Countries", "Other Countries", "{98907073-2298-414C-8446-ECD0307FD9CD}"
EndProject
Project("{FAE04EC0-301F-11D3-BF4B-00C04F79EFBC}") = "Cosmos.Business.Extensions.Holiday.AE", "src\Cosmos.Business.Extensions.Holiday.AE\Cosmos.Business.Extensions.Holiday.AE.csproj", "{C3C19A26-2763-4203-BCC3-6779BF4F1C88}"
EndProject
Project("{FAE04EC0-301F-11D3-BF4B-00C04F79EFBC}") = "Cosmos.Business.Extensions.Holiday.AF", "src\Cosmos.Business.Extensions.Holiday.AF\Cosmos.Business.Extensions.Holiday.AF.csproj", "{686FC521-6E1E-4195-8592-93967AAA852A}"
EndProject
Project("{FAE04EC0-301F-11D3-BF4B-00C04F79EFBC}") = "Cosmos.Business.Extensions.Holiday.BD", "src\Cosmos.Business.Extensions.Holiday.BD\Cosmos.Business.Extensions.Holiday.BD.csproj", "{7A54BB6F-E13E-42B1-AB27-6FE78E6279DE}"
EndProject
Project("{FAE04EC0-301F-11D3-BF4B-00C04F79EFBC}") = "Cosmos.Business.Extensions.Holiday.BH", "src\Cosmos.Business.Extensions.Holiday.BH\Cosmos.Business.Extensions.Holiday.BH.csproj", "{EB24A7C2-445B-4384-8061-DBB5A9CDDAD7}"
EndProject
Project("{FAE04EC0-301F-11D3-BF4B-00C04F79EFBC}") = "Cosmos.Business.Extensions.Holiday.BN", "src\Cosmos.Business.Extensions.Holiday.BN\Cosmos.Business.Extensions.Holiday.BN.csproj", "{BDAEB404-F337-4155-B66B-9016A2240411}"
EndProject
Project("{FAE04EC0-301F-11D3-BF4B-00C04F79EFBC}") = "Cosmos.Business.Extensions.Holiday.DJ", "src\Cosmos.Business.Extensions.Holiday.DJ\Cosmos.Business.Extensions.Holiday.DJ.csproj", "{3DF406EB-C114-4527-8CBA-95A4B2392F6E}"
EndProject
Project("{FAE04EC0-301F-11D3-BF4B-00C04F79EFBC}") = "Cosmos.Business.Extensions.Holiday.DZ", "src\Cosmos.Business.Extensions.Holiday.DZ\Cosmos.Business.Extensions.Holiday.DZ.csproj", "{115267FD-C2DD-4423-91AC-FC1C12984C2E}"
EndProject
Project("{FAE04EC0-301F-11D3-BF4B-00C04F79EFBC}") = "Cosmos.Business.Extensions.Holiday.EG", "src\Cosmos.Business.Extensions.Holiday.EG\Cosmos.Business.Extensions.Holiday.EG.csproj", "{E04FD80A-1304-4D91-AF4E-11A47AB19F24}"
EndProject
Project("{FAE04EC0-301F-11D3-BF4B-00C04F79EFBC}") = "Cosmos.Business.Extensions.Holiday.GQ", "src\Cosmos.Business.Extensions.Holiday.GQ\Cosmos.Business.Extensions.Holiday.GQ.csproj", "{D709FAD6-BC94-4A25-ACD3-763E21C9F82F}"
EndProject
Project("{FAE04EC0-301F-11D3-BF4B-00C04F79EFBC}") = "Cosmos.Business.Extensions.Holiday.IL", "src\Cosmos.Business.Extensions.Holiday.IL\Cosmos.Business.Extensions.Holiday.IL.csproj", "{1886A2A7-F19F-4CBB-B554-865E9406BDE0}"
EndProject
Project("{FAE04EC0-301F-11D3-BF4B-00C04F79EFBC}") = "Cosmos.Business.Extensions.Holiday.IQ", "src\Cosmos.Business.Extensions.Holiday.IQ\Cosmos.Business.Extensions.Holiday.IQ.csproj", "{BCEFF798-10A3-417F-B3EA-918DC2DCF905}"
EndProject
Project("{FAE04EC0-301F-11D3-BF4B-00C04F79EFBC}") = "Cosmos.Business.Extensions.Holiday.IR", "src\Cosmos.Business.Extensions.Holiday.IR\Cosmos.Business.Extensions.Holiday.IR.csproj", "{012EC5EC-EE81-4E09-BC6B-E72E708D1434}"
EndProject
Project("{FAE04EC0-301F-11D3-BF4B-00C04F79EFBC}") = "Cosmos.Business.Extensions.Holiday.JO", "src\Cosmos.Business.Extensions.Holiday.JO\Cosmos.Business.Extensions.Holiday.JO.csproj", "{FBC2418C-8CC0-4F8C-8EE2-8ADC247E800B}"
EndProject
Project("{FAE04EC0-301F-11D3-BF4B-00C04F79EFBC}") = "Cosmos.Business.Extensions.Holiday.KW", "src\Cosmos.Business.Extensions.Holiday.KW\Cosmos.Business.Extensions.Holiday.KW.csproj", "{B12947D0-6A29-4129-8240-9AB0D9DDA0EF}"
EndProject
Project("{FAE04EC0-301F-11D3-BF4B-00C04F79EFBC}") = "Cosmos.Business.Extensions.Holiday.LY", "src\Cosmos.Business.Extensions.Holiday.LY\Cosmos.Business.Extensions.Holiday.LY.csproj", "{0D84EB0E-4217-452C-8DF2-C653D52E2F43}"
EndProject
Project("{FAE04EC0-301F-11D3-BF4B-00C04F79EFBC}") = "Cosmos.Business.Extensions.Holiday.MV", "src\Cosmos.Business.Extensions.Holiday.MV\Cosmos.Business.Extensions.Holiday.MV.csproj", "{CEF862D9-E0A7-458E-A6D8-23E5CB47AD34}"
EndProject
Project("{FAE04EC0-301F-11D3-BF4B-00C04F79EFBC}") = "Cosmos.Business.Extensions.Holiday.MX", "src\Cosmos.Business.Extensions.Holiday.MX\Cosmos.Business.Extensions.Holiday.MX.csproj", "{5C2B127B-3E2A-4790-9965-94C8F7EBE3F8}"
EndProject
Project("{FAE04EC0-301F-11D3-BF4B-00C04F79EFBC}") = "Cosmos.Business.Extensions.Holiday.NP", "src\Cosmos.Business.Extensions.Holiday.NP\Cosmos.Business.Extensions.Holiday.NP.csproj", "{E4F0A511-B789-49EF-B721-CA9427B304FA}"
EndProject
Project("{FAE04EC0-301F-11D3-BF4B-00C04F79EFBC}") = "Cosmos.Business.Extensions.Holiday.OM", "src\Cosmos.Business.Extensions.Holiday.OM\Cosmos.Business.Extensions.Holiday.OM.csproj", "{B378DAD8-F232-469E-B598-FB7079EA949C}"
EndProject
Project("{FAE04EC0-301F-11D3-BF4B-00C04F79EFBC}") = "Cosmos.Business.Extensions.Holiday.PH", "src\Cosmos.Business.Extensions.Holiday.PH\Cosmos.Business.Extensions.Holiday.PH.csproj", "{F5EC3F3E-415E-408F-B57B-C18E81ABAED2}"
EndProject
Project("{FAE04EC0-301F-11D3-BF4B-00C04F79EFBC}") = "Cosmos.Business.Extensions.Holiday.QA", "src\Cosmos.Business.Extensions.Holiday.QA\Cosmos.Business.Extensions.Holiday.QA.csproj", "{25D021B8-55AB-4B86-BCC4-64B3513DAA42}"
EndProject
Project("{FAE04EC0-301F-11D3-BF4B-00C04F79EFBC}") = "Cosmos.Business.Extensions.Holiday.PS", "src\Cosmos.Business.Extensions.Holiday.PS\Cosmos.Business.Extensions.Holiday.PS.csproj", "{95D9F95A-FB35-4CA1-AB70-EA0FAF7C6F1E}"
EndProject
Project("{FAE04EC0-301F-11D3-BF4B-00C04F79EFBC}") = "Cosmos.Business.Extensions.Holiday.SA", "src\Cosmos.Business.Extensions.Holiday.SA\Cosmos.Business.Extensions.Holiday.SA.csproj", "{071C68C5-AE80-4A43-8189-4C7CADE3F8AC}"
EndProject
Project("{FAE04EC0-301F-11D3-BF4B-00C04F79EFBC}") = "Cosmos.Business.Extensions.Holiday.SD", "src\Cosmos.Business.Extensions.Holiday.SD\Cosmos.Business.Extensions.Holiday.SD.csproj", "{800C0708-A90A-4A53-8063-EB137F81F50B}"
EndProject
Project("{FAE04EC0-301F-11D3-BF4B-00C04F79EFBC}") = "Cosmos.Business.Extensions.Holiday.SO", "src\Cosmos.Business.Extensions.Holiday.SO\Cosmos.Business.Extensions.Holiday.SO.csproj", "{A8BD0BD2-A9C3-4688-BA06-C8A66E4663E2}"
EndProject
Project("{FAE04EC0-301F-11D3-BF4B-00C04F79EFBC}") = "Cosmos.Business.Extensions.Holiday.SY", "src\Cosmos.Business.Extensions.Holiday.SY\Cosmos.Business.Extensions.Holiday.SY.csproj", "{FFFE709D-28CA-481F-8FE3-213C14AECC5C}"
EndProject
Project("{FAE04EC0-301F-11D3-BF4B-00C04F79EFBC}") = "Cosmos.Business.Extensions.Holiday.YE", "src\Cosmos.Business.Extensions.Holiday.YE\Cosmos.Business.Extensions.Holiday.YE.csproj", "{45DAE857-321B-49D5-B5B7-5C1DB2FB399F}"
EndProject
Project("{FAE04EC0-301F-11D3-BF4B-00C04F79EFBC}") = "Cosmos.Business.Extensions.Holiday.UG", "src\Cosmos.Business.Extensions.Holiday.UG\Cosmos.Business.Extensions.Holiday.UG.csproj", "{B7A9B8BC-465D-4DE7-8E43-76060013FEFB}"
EndProject
Global
	GlobalSection(SolutionConfigurationPlatforms) = preSolution
		Debug|Any CPU = Debug|Any CPU
		Release|Any CPU = Release|Any CPU
	EndGlobalSection
	GlobalSection(NestedProjects) = preSolution
		{42D4F72A-932D-4508-B9D0-A7CFB08EC38B} = {88645AEE-58C3-44B5-BFE4-AB4471898AFA}
		{C917F6E2-AB87-43F8-9EDC-B70735DF7FE4} = {88645AEE-58C3-44B5-BFE4-AB4471898AFA}
		{489A0075-D267-4750-82E5-46C7A2B640EE} = {88645AEE-58C3-44B5-BFE4-AB4471898AFA}
		{A42305D2-E435-4697-A962-CA8373EC761C} = {88645AEE-58C3-44B5-BFE4-AB4471898AFA}
		{98907073-2298-414C-8446-ECD0307FD9CD} = {88645AEE-58C3-44B5-BFE4-AB4471898AFA}
		{C3C19A26-2763-4203-BCC3-6779BF4F1C88} = {98907073-2298-414C-8446-ECD0307FD9CD}
		{686FC521-6E1E-4195-8592-93967AAA852A} = {98907073-2298-414C-8446-ECD0307FD9CD}
		{7A54BB6F-E13E-42B1-AB27-6FE78E6279DE} = {98907073-2298-414C-8446-ECD0307FD9CD}
		{EB24A7C2-445B-4384-8061-DBB5A9CDDAD7} = {98907073-2298-414C-8446-ECD0307FD9CD}
		{BDAEB404-F337-4155-B66B-9016A2240411} = {98907073-2298-414C-8446-ECD0307FD9CD}
		{3DF406EB-C114-4527-8CBA-95A4B2392F6E} = {98907073-2298-414C-8446-ECD0307FD9CD}
		{115267FD-C2DD-4423-91AC-FC1C12984C2E} = {98907073-2298-414C-8446-ECD0307FD9CD}
		{E04FD80A-1304-4D91-AF4E-11A47AB19F24} = {98907073-2298-414C-8446-ECD0307FD9CD}
		{D709FAD6-BC94-4A25-ACD3-763E21C9F82F} = {98907073-2298-414C-8446-ECD0307FD9CD}
		{1886A2A7-F19F-4CBB-B554-865E9406BDE0} = {98907073-2298-414C-8446-ECD0307FD9CD}
		{BCEFF798-10A3-417F-B3EA-918DC2DCF905} = {98907073-2298-414C-8446-ECD0307FD9CD}
		{012EC5EC-EE81-4E09-BC6B-E72E708D1434} = {98907073-2298-414C-8446-ECD0307FD9CD}
		{FBC2418C-8CC0-4F8C-8EE2-8ADC247E800B} = {98907073-2298-414C-8446-ECD0307FD9CD}
		{B12947D0-6A29-4129-8240-9AB0D9DDA0EF} = {98907073-2298-414C-8446-ECD0307FD9CD}
		{0D84EB0E-4217-452C-8DF2-C653D52E2F43} = {98907073-2298-414C-8446-ECD0307FD9CD}
		{CEF862D9-E0A7-458E-A6D8-23E5CB47AD34} = {98907073-2298-414C-8446-ECD0307FD9CD}
		{5C2B127B-3E2A-4790-9965-94C8F7EBE3F8} = {98907073-2298-414C-8446-ECD0307FD9CD}
		{E4F0A511-B789-49EF-B721-CA9427B304FA} = {98907073-2298-414C-8446-ECD0307FD9CD}
		{B378DAD8-F232-469E-B598-FB7079EA949C} = {98907073-2298-414C-8446-ECD0307FD9CD}
		{F5EC3F3E-415E-408F-B57B-C18E81ABAED2} = {98907073-2298-414C-8446-ECD0307FD9CD}
		{25D021B8-55AB-4B86-BCC4-64B3513DAA42} = {98907073-2298-414C-8446-ECD0307FD9CD}
		{95D9F95A-FB35-4CA1-AB70-EA0FAF7C6F1E} = {98907073-2298-414C-8446-ECD0307FD9CD}
		{071C68C5-AE80-4A43-8189-4C7CADE3F8AC} = {98907073-2298-414C-8446-ECD0307FD9CD}
		{800C0708-A90A-4A53-8063-EB137F81F50B} = {98907073-2298-414C-8446-ECD0307FD9CD}
		{A8BD0BD2-A9C3-4688-BA06-C8A66E4663E2} = {98907073-2298-414C-8446-ECD0307FD9CD}
		{FFFE709D-28CA-481F-8FE3-213C14AECC5C} = {98907073-2298-414C-8446-ECD0307FD9CD}
		{45DAE857-321B-49D5-B5B7-5C1DB2FB399F} = {98907073-2298-414C-8446-ECD0307FD9CD}
		{B7A9B8BC-465D-4DE7-8E43-76060013FEFB} = {98907073-2298-414C-8446-ECD0307FD9CD}
	EndGlobalSection
	GlobalSection(ProjectConfigurationPlatforms) = postSolution
		{42D4F72A-932D-4508-B9D0-A7CFB08EC38B}.Debug|Any CPU.ActiveCfg = Debug|Any CPU
		{42D4F72A-932D-4508-B9D0-A7CFB08EC38B}.Debug|Any CPU.Build.0 = Debug|Any CPU
		{42D4F72A-932D-4508-B9D0-A7CFB08EC38B}.Release|Any CPU.ActiveCfg = Release|Any CPU
		{42D4F72A-932D-4508-B9D0-A7CFB08EC38B}.Release|Any CPU.Build.0 = Release|Any CPU
		{C917F6E2-AB87-43F8-9EDC-B70735DF7FE4}.Debug|Any CPU.ActiveCfg = Debug|Any CPU
		{C917F6E2-AB87-43F8-9EDC-B70735DF7FE4}.Debug|Any CPU.Build.0 = Debug|Any CPU
		{C917F6E2-AB87-43F8-9EDC-B70735DF7FE4}.Release|Any CPU.ActiveCfg = Release|Any CPU
		{C917F6E2-AB87-43F8-9EDC-B70735DF7FE4}.Release|Any CPU.Build.0 = Release|Any CPU
		{489A0075-D267-4750-82E5-46C7A2B640EE}.Debug|Any CPU.ActiveCfg = Debug|Any CPU
		{489A0075-D267-4750-82E5-46C7A2B640EE}.Debug|Any CPU.Build.0 = Debug|Any CPU
		{489A0075-D267-4750-82E5-46C7A2B640EE}.Release|Any CPU.ActiveCfg = Release|Any CPU
		{489A0075-D267-4750-82E5-46C7A2B640EE}.Release|Any CPU.Build.0 = Release|Any CPU
		{A42305D2-E435-4697-A962-CA8373EC761C}.Debug|Any CPU.ActiveCfg = Debug|Any CPU
		{A42305D2-E435-4697-A962-CA8373EC761C}.Debug|Any CPU.Build.0 = Debug|Any CPU
		{A42305D2-E435-4697-A962-CA8373EC761C}.Release|Any CPU.ActiveCfg = Release|Any CPU
		{A42305D2-E435-4697-A962-CA8373EC761C}.Release|Any CPU.Build.0 = Release|Any CPU
		{C3C19A26-2763-4203-BCC3-6779BF4F1C88}.Debug|Any CPU.ActiveCfg = Debug|Any CPU
		{C3C19A26-2763-4203-BCC3-6779BF4F1C88}.Debug|Any CPU.Build.0 = Debug|Any CPU
		{C3C19A26-2763-4203-BCC3-6779BF4F1C88}.Release|Any CPU.ActiveCfg = Release|Any CPU
		{C3C19A26-2763-4203-BCC3-6779BF4F1C88}.Release|Any CPU.Build.0 = Release|Any CPU
		{686FC521-6E1E-4195-8592-93967AAA852A}.Debug|Any CPU.ActiveCfg = Debug|Any CPU
		{686FC521-6E1E-4195-8592-93967AAA852A}.Debug|Any CPU.Build.0 = Debug|Any CPU
		{686FC521-6E1E-4195-8592-93967AAA852A}.Release|Any CPU.ActiveCfg = Release|Any CPU
		{686FC521-6E1E-4195-8592-93967AAA852A}.Release|Any CPU.Build.0 = Release|Any CPU
		{7A54BB6F-E13E-42B1-AB27-6FE78E6279DE}.Debug|Any CPU.ActiveCfg = Debug|Any CPU
		{7A54BB6F-E13E-42B1-AB27-6FE78E6279DE}.Debug|Any CPU.Build.0 = Debug|Any CPU
		{7A54BB6F-E13E-42B1-AB27-6FE78E6279DE}.Release|Any CPU.ActiveCfg = Release|Any CPU
		{7A54BB6F-E13E-42B1-AB27-6FE78E6279DE}.Release|Any CPU.Build.0 = Release|Any CPU
		{EB24A7C2-445B-4384-8061-DBB5A9CDDAD7}.Debug|Any CPU.ActiveCfg = Debug|Any CPU
		{EB24A7C2-445B-4384-8061-DBB5A9CDDAD7}.Debug|Any CPU.Build.0 = Debug|Any CPU
		{EB24A7C2-445B-4384-8061-DBB5A9CDDAD7}.Release|Any CPU.ActiveCfg = Release|Any CPU
		{EB24A7C2-445B-4384-8061-DBB5A9CDDAD7}.Release|Any CPU.Build.0 = Release|Any CPU
		{BDAEB404-F337-4155-B66B-9016A2240411}.Debug|Any CPU.ActiveCfg = Debug|Any CPU
		{BDAEB404-F337-4155-B66B-9016A2240411}.Debug|Any CPU.Build.0 = Debug|Any CPU
		{BDAEB404-F337-4155-B66B-9016A2240411}.Release|Any CPU.ActiveCfg = Release|Any CPU
		{BDAEB404-F337-4155-B66B-9016A2240411}.Release|Any CPU.Build.0 = Release|Any CPU
		{3DF406EB-C114-4527-8CBA-95A4B2392F6E}.Debug|Any CPU.ActiveCfg = Debug|Any CPU
		{3DF406EB-C114-4527-8CBA-95A4B2392F6E}.Debug|Any CPU.Build.0 = Debug|Any CPU
		{3DF406EB-C114-4527-8CBA-95A4B2392F6E}.Release|Any CPU.ActiveCfg = Release|Any CPU
		{3DF406EB-C114-4527-8CBA-95A4B2392F6E}.Release|Any CPU.Build.0 = Release|Any CPU
		{115267FD-C2DD-4423-91AC-FC1C12984C2E}.Debug|Any CPU.ActiveCfg = Debug|Any CPU
		{115267FD-C2DD-4423-91AC-FC1C12984C2E}.Debug|Any CPU.Build.0 = Debug|Any CPU
		{115267FD-C2DD-4423-91AC-FC1C12984C2E}.Release|Any CPU.ActiveCfg = Release|Any CPU
		{115267FD-C2DD-4423-91AC-FC1C12984C2E}.Release|Any CPU.Build.0 = Release|Any CPU
		{E04FD80A-1304-4D91-AF4E-11A47AB19F24}.Debug|Any CPU.ActiveCfg = Debug|Any CPU
		{E04FD80A-1304-4D91-AF4E-11A47AB19F24}.Debug|Any CPU.Build.0 = Debug|Any CPU
		{E04FD80A-1304-4D91-AF4E-11A47AB19F24}.Release|Any CPU.ActiveCfg = Release|Any CPU
		{E04FD80A-1304-4D91-AF4E-11A47AB19F24}.Release|Any CPU.Build.0 = Release|Any CPU
		{D709FAD6-BC94-4A25-ACD3-763E21C9F82F}.Debug|Any CPU.ActiveCfg = Debug|Any CPU
		{D709FAD6-BC94-4A25-ACD3-763E21C9F82F}.Debug|Any CPU.Build.0 = Debug|Any CPU
		{D709FAD6-BC94-4A25-ACD3-763E21C9F82F}.Release|Any CPU.ActiveCfg = Release|Any CPU
		{D709FAD6-BC94-4A25-ACD3-763E21C9F82F}.Release|Any CPU.Build.0 = Release|Any CPU
		{1886A2A7-F19F-4CBB-B554-865E9406BDE0}.Debug|Any CPU.ActiveCfg = Debug|Any CPU
		{1886A2A7-F19F-4CBB-B554-865E9406BDE0}.Debug|Any CPU.Build.0 = Debug|Any CPU
		{1886A2A7-F19F-4CBB-B554-865E9406BDE0}.Release|Any CPU.ActiveCfg = Release|Any CPU
		{1886A2A7-F19F-4CBB-B554-865E9406BDE0}.Release|Any CPU.Build.0 = Release|Any CPU
		{BCEFF798-10A3-417F-B3EA-918DC2DCF905}.Debug|Any CPU.ActiveCfg = Debug|Any CPU
		{BCEFF798-10A3-417F-B3EA-918DC2DCF905}.Debug|Any CPU.Build.0 = Debug|Any CPU
		{BCEFF798-10A3-417F-B3EA-918DC2DCF905}.Release|Any CPU.ActiveCfg = Release|Any CPU
		{BCEFF798-10A3-417F-B3EA-918DC2DCF905}.Release|Any CPU.Build.0 = Release|Any CPU
		{012EC5EC-EE81-4E09-BC6B-E72E708D1434}.Debug|Any CPU.ActiveCfg = Debug|Any CPU
		{012EC5EC-EE81-4E09-BC6B-E72E708D1434}.Debug|Any CPU.Build.0 = Debug|Any CPU
		{012EC5EC-EE81-4E09-BC6B-E72E708D1434}.Release|Any CPU.ActiveCfg = Release|Any CPU
		{012EC5EC-EE81-4E09-BC6B-E72E708D1434}.Release|Any CPU.Build.0 = Release|Any CPU
		{FBC2418C-8CC0-4F8C-8EE2-8ADC247E800B}.Debug|Any CPU.ActiveCfg = Debug|Any CPU
		{FBC2418C-8CC0-4F8C-8EE2-8ADC247E800B}.Debug|Any CPU.Build.0 = Debug|Any CPU
		{FBC2418C-8CC0-4F8C-8EE2-8ADC247E800B}.Release|Any CPU.ActiveCfg = Release|Any CPU
		{FBC2418C-8CC0-4F8C-8EE2-8ADC247E800B}.Release|Any CPU.Build.0 = Release|Any CPU
		{B12947D0-6A29-4129-8240-9AB0D9DDA0EF}.Debug|Any CPU.ActiveCfg = Debug|Any CPU
		{B12947D0-6A29-4129-8240-9AB0D9DDA0EF}.Debug|Any CPU.Build.0 = Debug|Any CPU
		{B12947D0-6A29-4129-8240-9AB0D9DDA0EF}.Release|Any CPU.ActiveCfg = Release|Any CPU
		{B12947D0-6A29-4129-8240-9AB0D9DDA0EF}.Release|Any CPU.Build.0 = Release|Any CPU
		{0D84EB0E-4217-452C-8DF2-C653D52E2F43}.Debug|Any CPU.ActiveCfg = Debug|Any CPU
		{0D84EB0E-4217-452C-8DF2-C653D52E2F43}.Debug|Any CPU.Build.0 = Debug|Any CPU
		{0D84EB0E-4217-452C-8DF2-C653D52E2F43}.Release|Any CPU.ActiveCfg = Release|Any CPU
		{0D84EB0E-4217-452C-8DF2-C653D52E2F43}.Release|Any CPU.Build.0 = Release|Any CPU
		{CEF862D9-E0A7-458E-A6D8-23E5CB47AD34}.Debug|Any CPU.ActiveCfg = Debug|Any CPU
		{CEF862D9-E0A7-458E-A6D8-23E5CB47AD34}.Debug|Any CPU.Build.0 = Debug|Any CPU
		{CEF862D9-E0A7-458E-A6D8-23E5CB47AD34}.Release|Any CPU.ActiveCfg = Release|Any CPU
		{CEF862D9-E0A7-458E-A6D8-23E5CB47AD34}.Release|Any CPU.Build.0 = Release|Any CPU
		{5C2B127B-3E2A-4790-9965-94C8F7EBE3F8}.Debug|Any CPU.ActiveCfg = Debug|Any CPU
		{5C2B127B-3E2A-4790-9965-94C8F7EBE3F8}.Debug|Any CPU.Build.0 = Debug|Any CPU
		{5C2B127B-3E2A-4790-9965-94C8F7EBE3F8}.Release|Any CPU.ActiveCfg = Release|Any CPU
		{5C2B127B-3E2A-4790-9965-94C8F7EBE3F8}.Release|Any CPU.Build.0 = Release|Any CPU
		{E4F0A511-B789-49EF-B721-CA9427B304FA}.Debug|Any CPU.ActiveCfg = Debug|Any CPU
		{E4F0A511-B789-49EF-B721-CA9427B304FA}.Debug|Any CPU.Build.0 = Debug|Any CPU
		{E4F0A511-B789-49EF-B721-CA9427B304FA}.Release|Any CPU.ActiveCfg = Release|Any CPU
		{E4F0A511-B789-49EF-B721-CA9427B304FA}.Release|Any CPU.Build.0 = Release|Any CPU
		{B378DAD8-F232-469E-B598-FB7079EA949C}.Debug|Any CPU.ActiveCfg = Debug|Any CPU
		{B378DAD8-F232-469E-B598-FB7079EA949C}.Debug|Any CPU.Build.0 = Debug|Any CPU
		{B378DAD8-F232-469E-B598-FB7079EA949C}.Release|Any CPU.ActiveCfg = Release|Any CPU
		{B378DAD8-F232-469E-B598-FB7079EA949C}.Release|Any CPU.Build.0 = Release|Any CPU
		{F5EC3F3E-415E-408F-B57B-C18E81ABAED2}.Debug|Any CPU.ActiveCfg = Debug|Any CPU
		{F5EC3F3E-415E-408F-B57B-C18E81ABAED2}.Debug|Any CPU.Build.0 = Debug|Any CPU
		{F5EC3F3E-415E-408F-B57B-C18E81ABAED2}.Release|Any CPU.ActiveCfg = Release|Any CPU
		{F5EC3F3E-415E-408F-B57B-C18E81ABAED2}.Release|Any CPU.Build.0 = Release|Any CPU
		{25D021B8-55AB-4B86-BCC4-64B3513DAA42}.Debug|Any CPU.ActiveCfg = Debug|Any CPU
		{25D021B8-55AB-4B86-BCC4-64B3513DAA42}.Debug|Any CPU.Build.0 = Debug|Any CPU
		{25D021B8-55AB-4B86-BCC4-64B3513DAA42}.Release|Any CPU.ActiveCfg = Release|Any CPU
		{25D021B8-55AB-4B86-BCC4-64B3513DAA42}.Release|Any CPU.Build.0 = Release|Any CPU
		{95D9F95A-FB35-4CA1-AB70-EA0FAF7C6F1E}.Debug|Any CPU.ActiveCfg = Debug|Any CPU
		{95D9F95A-FB35-4CA1-AB70-EA0FAF7C6F1E}.Debug|Any CPU.Build.0 = Debug|Any CPU
		{95D9F95A-FB35-4CA1-AB70-EA0FAF7C6F1E}.Release|Any CPU.ActiveCfg = Release|Any CPU
		{95D9F95A-FB35-4CA1-AB70-EA0FAF7C6F1E}.Release|Any CPU.Build.0 = Release|Any CPU
		{071C68C5-AE80-4A43-8189-4C7CADE3F8AC}.Debug|Any CPU.ActiveCfg = Debug|Any CPU
		{071C68C5-AE80-4A43-8189-4C7CADE3F8AC}.Debug|Any CPU.Build.0 = Debug|Any CPU
		{071C68C5-AE80-4A43-8189-4C7CADE3F8AC}.Release|Any CPU.ActiveCfg = Release|Any CPU
		{071C68C5-AE80-4A43-8189-4C7CADE3F8AC}.Release|Any CPU.Build.0 = Release|Any CPU
		{800C0708-A90A-4A53-8063-EB137F81F50B}.Debug|Any CPU.ActiveCfg = Debug|Any CPU
		{800C0708-A90A-4A53-8063-EB137F81F50B}.Debug|Any CPU.Build.0 = Debug|Any CPU
		{800C0708-A90A-4A53-8063-EB137F81F50B}.Release|Any CPU.ActiveCfg = Release|Any CPU
		{800C0708-A90A-4A53-8063-EB137F81F50B}.Release|Any CPU.Build.0 = Release|Any CPU
		{A8BD0BD2-A9C3-4688-BA06-C8A66E4663E2}.Debug|Any CPU.ActiveCfg = Debug|Any CPU
		{A8BD0BD2-A9C3-4688-BA06-C8A66E4663E2}.Debug|Any CPU.Build.0 = Debug|Any CPU
		{A8BD0BD2-A9C3-4688-BA06-C8A66E4663E2}.Release|Any CPU.ActiveCfg = Release|Any CPU
		{A8BD0BD2-A9C3-4688-BA06-C8A66E4663E2}.Release|Any CPU.Build.0 = Release|Any CPU
		{FFFE709D-28CA-481F-8FE3-213C14AECC5C}.Debug|Any CPU.ActiveCfg = Debug|Any CPU
		{FFFE709D-28CA-481F-8FE3-213C14AECC5C}.Debug|Any CPU.Build.0 = Debug|Any CPU
		{FFFE709D-28CA-481F-8FE3-213C14AECC5C}.Release|Any CPU.ActiveCfg = Release|Any CPU
		{FFFE709D-28CA-481F-8FE3-213C14AECC5C}.Release|Any CPU.Build.0 = Release|Any CPU
		{45DAE857-321B-49D5-B5B7-5C1DB2FB399F}.Debug|Any CPU.ActiveCfg = Debug|Any CPU
		{45DAE857-321B-49D5-B5B7-5C1DB2FB399F}.Debug|Any CPU.Build.0 = Debug|Any CPU
		{45DAE857-321B-49D5-B5B7-5C1DB2FB399F}.Release|Any CPU.ActiveCfg = Release|Any CPU
		{45DAE857-321B-49D5-B5B7-5C1DB2FB399F}.Release|Any CPU.Build.0 = Release|Any CPU
		{B7A9B8BC-465D-4DE7-8E43-76060013FEFB}.Debug|Any CPU.ActiveCfg = Debug|Any CPU
		{B7A9B8BC-465D-4DE7-8E43-76060013FEFB}.Debug|Any CPU.Build.0 = Debug|Any CPU
		{B7A9B8BC-465D-4DE7-8E43-76060013FEFB}.Release|Any CPU.ActiveCfg = Release|Any CPU
		{B7A9B8BC-465D-4DE7-8E43-76060013FEFB}.Release|Any CPU.Build.0 = Release|Any CPU
	EndGlobalSection
EndGlobal
